// !$*UTF8*$!
{
	archiveVersion = 1;
	classes = {
	};
	objectVersion = 50;
	objects = {

/* Begin PBXBuildFile section */
		904DB06C40019A1CA906F33E /* libPods-NotABadPlayer.a in Frameworks */ = {isa = PBXBuildFile; fileRef = 2F710AB58EC3D5E1FA8C3115 /* libPods-NotABadPlayer.a */; };
		99021E462281EE2A007B2BF7 /* PlaylistViewController.swift in Sources */ = {isa = PBXBuildFile; fileRef = 99021E452281EE2A007B2BF7 /* PlaylistViewController.swift */; };
		99021E4A2281EEEA007B2BF7 /* PlaylistPresenter.swift in Sources */ = {isa = PBXBuildFile; fileRef = 99021E492281EEEA007B2BF7 /* PlaylistPresenter.swift */; };
		99021E4D2281EF5C007B2BF7 /* PlaylistView.swift in Sources */ = {isa = PBXBuildFile; fileRef = 99021E4C2281EF5C007B2BF7 /* PlaylistView.swift */; };
		9909D6682299199600B4E637 /* SettingsView.swift in Sources */ = {isa = PBXBuildFile; fileRef = 9909D6672299199600B4E637 /* SettingsView.swift */; };
		9909D66A229919A200B4E637 /* SettingsView.xib in Resources */ = {isa = PBXBuildFile; fileRef = 9909D669229919A200B4E637 /* SettingsView.xib */; };
		9909D66C229920DE00B4E637 /* SettingsPickView.swift in Sources */ = {isa = PBXBuildFile; fileRef = 9909D66B229920DE00B4E637 /* SettingsPickView.swift */; };
		9909D66E229925C200B4E637 /* SettingsPickContentView.xib in Resources */ = {isa = PBXBuildFile; fileRef = 9909D66D229925C200B4E637 /* SettingsPickContentView.xib */; };
		99194241227867BF00FF041E /* AlbumsView.swift in Sources */ = {isa = PBXBuildFile; fileRef = 99194240227867BF00FF041E /* AlbumsView.swift */; };
		99194243227867CA00FF041E /* AlbumsCell.swift in Sources */ = {isa = PBXBuildFile; fileRef = 99194242227867CA00FF041E /* AlbumsCell.swift */; };
		992EA212228FF7C7000C5592 /* AlertWindows.swift in Sources */ = {isa = PBXBuildFile; fileRef = 992EA211228FF7C7000C5592 /* AlertWindows.swift */; };
		992EC1B5225B6A5C007DDD9D /* AppDelegate.swift in Sources */ = {isa = PBXBuildFile; fileRef = 992EC1B4225B6A5C007DDD9D /* AppDelegate.swift */; };
		992EC1B7225B6A5C007DDD9D /* AlbumsViewController.swift in Sources */ = {isa = PBXBuildFile; fileRef = 992EC1B6225B6A5C007DDD9D /* AlbumsViewController.swift */; };
		992EC1B9225B6A5C007DDD9D /* ListsViewController.swift in Sources */ = {isa = PBXBuildFile; fileRef = 992EC1B8225B6A5C007DDD9D /* ListsViewController.swift */; };
		992EC1BE225B6A5E007DDD9D /* Assets.xcassets in Resources */ = {isa = PBXBuildFile; fileRef = 992EC1BD225B6A5E007DDD9D /* Assets.xcassets */; };
		992EC1C1225B6A5E007DDD9D /* LaunchScreen.storyboard in Resources */ = {isa = PBXBuildFile; fileRef = 992EC1BF225B6A5E007DDD9D /* LaunchScreen.storyboard */; };
		992EC1CC225B6A5E007DDD9D /* NotABadPlayerTests.swift in Sources */ = {isa = PBXBuildFile; fileRef = 992EC1CB225B6A5E007DDD9D /* NotABadPlayerTests.swift */; };
		992EC1D7225B6A5E007DDD9D /* NotABadPlayerUITests.swift in Sources */ = {isa = PBXBuildFile; fileRef = 992EC1D6225B6A5E007DDD9D /* NotABadPlayerUITests.swift */; };
		992EC1E7225B6E65007DDD9D /* SearchViewController.swift in Sources */ = {isa = PBXBuildFile; fileRef = 992EC1E6225B6E65007DDD9D /* SearchViewController.swift */; };
		992EC1ED225B6ED9007DDD9D /* SettingsViewController.swift in Sources */ = {isa = PBXBuildFile; fileRef = 992EC1EC225B6ED9007DDD9D /* SettingsViewController.swift */; };
		992FC78C22A54F8800411305 /* CreateListAddedTrackCell.swift in Sources */ = {isa = PBXBuildFile; fileRef = 992FC78B22A54F8800411305 /* CreateListAddedTrackCell.swift */; };
		992FC78E22A54FCF00411305 /* CreateListAddedTrackCell.xib in Resources */ = {isa = PBXBuildFile; fileRef = 992FC78D22A54FCF00411305 /* CreateListAddedTrackCell.xib */; };
		992FC79022A5503A00411305 /* CreateListAlbumCell.swift in Sources */ = {isa = PBXBuildFile; fileRef = 992FC78F22A5503A00411305 /* CreateListAlbumCell.swift */; };
		992FC79222A5504400411305 /* CreateListAlbumCell.xib in Resources */ = {isa = PBXBuildFile; fileRef = 992FC79122A5504400411305 /* CreateListAlbumCell.xib */; };
		992FC79422A5505A00411305 /* CreateListAlbumTrackCell.swift in Sources */ = {isa = PBXBuildFile; fileRef = 992FC79322A5505A00411305 /* CreateListAlbumTrackCell.swift */; };
		992FC79622A5505F00411305 /* CreateListAlbumTrackCell.xib in Resources */ = {isa = PBXBuildFile; fileRef = 992FC79522A5505F00411305 /* CreateListAlbumTrackCell.xib */; };
		993B353522840D8C0003D150 /* PlaylistHeaderView.swift in Sources */ = {isa = PBXBuildFile; fileRef = 993B353422840D8C0003D150 /* PlaylistHeaderView.swift */; };
		993B353722840F990003D150 /* PlaylistHeaderView.xib in Resources */ = {isa = PBXBuildFile; fileRef = 993B353622840F990003D150 /* PlaylistHeaderView.xib */; };
		994046DC229E953100C6B789 /* SearchView.xib in Resources */ = {isa = PBXBuildFile; fileRef = 994046DA229E953100C6B789 /* SearchView.xib */; };
		994046DD229E953100C6B789 /* SearchView.swift in Sources */ = {isa = PBXBuildFile; fileRef = 994046DB229E953100C6B789 /* SearchView.swift */; };
		994046DF229E962B00C6B789 /* SearchPresenter.swift in Sources */ = {isa = PBXBuildFile; fileRef = 994046DE229E962B00C6B789 /* SearchPresenter.swift */; };
		994046E1229EBEB700C6B789 /* SearchItemCell.swift in Sources */ = {isa = PBXBuildFile; fileRef = 994046E0229EBEB700C6B789 /* SearchItemCell.swift */; };
		994046E3229EBEC300C6B789 /* SearchItemCell.xib in Resources */ = {isa = PBXBuildFile; fileRef = 994046E2229EBEC300C6B789 /* SearchItemCell.xib */; };
		994046E6229EBEF000C6B789 /* ListsView.swift in Sources */ = {isa = PBXBuildFile; fileRef = 994046E5229EBEF000C6B789 /* ListsView.swift */; };
		9949E52F228E9599002CDCC0 /* QuickPlayerService.swift in Sources */ = {isa = PBXBuildFile; fileRef = 9949E52E228E9599002CDCC0 /* QuickPlayerService.swift */; };
		9949E531228E9698002CDCC0 /* Looper.swift in Sources */ = {isa = PBXBuildFile; fileRef = 9949E530228E9698002CDCC0 /* Looper.swift */; };
		994E20FF2296D516002BA684 /* CollectionIndexerView.swift in Sources */ = {isa = PBXBuildFile; fileRef = 994E20FE2296D516002BA684 /* CollectionIndexerView.swift */; };
		9960343A22805E77003A0DFE /* Logging.swift in Sources */ = {isa = PBXBuildFile; fileRef = 9960343922805E77003A0DFE /* Logging.swift */; };
		9961B68B229F1C83001F4B35 /* UIExtensions.swift in Sources */ = {isa = PBXBuildFile; fileRef = 9961B68A229F1C83001F4B35 /* UIExtensions.swift */; };
		996392F72260AB090050F82A /* AudioAlbum.swift in Sources */ = {isa = PBXBuildFile; fileRef = 996392F62260AB090050F82A /* AudioAlbum.swift */; };
		996392F92260AB140050F82A /* AudioTrack.swift in Sources */ = {isa = PBXBuildFile; fileRef = 996392F82260AB140050F82A /* AudioTrack.swift */; };
		996392FB2260ABFA0050F82A /* AudioTrackSource.swift in Sources */ = {isa = PBXBuildFile; fileRef = 996392FA2260ABFA0050F82A /* AudioTrackSource.swift */; };
		996392FD2260ACEB0050F82A /* AudioPlaylist.swift in Sources */ = {isa = PBXBuildFile; fileRef = 996392FC2260ACEB0050F82A /* AudioPlaylist.swift */; };
		996392FF2260BC0B0050F82A /* AudioInfo.swift in Sources */ = {isa = PBXBuildFile; fileRef = 996392FE2260BC0B0050F82A /* AudioInfo.swift */; };
		996393012260BD360050F82A /* AudioStorage.swift in Sources */ = {isa = PBXBuildFile; fileRef = 996393002260BD360050F82A /* AudioStorage.swift */; };
		996393032260C00F0050F82A /* AudioPlayerObserver.swift in Sources */ = {isa = PBXBuildFile; fileRef = 996393022260C00F0050F82A /* AudioPlayerObserver.swift */; };
		996393052260C0430050F82A /* AudioPlayer.swift in Sources */ = {isa = PBXBuildFile; fileRef = 996393042260C0430050F82A /* AudioPlayer.swift */; };
		996F119D226766C40064D6DA /* GeneralStorage.swift in Sources */ = {isa = PBXBuildFile; fileRef = 996F119C226766C40064D6DA /* GeneralStorage.swift */; };
		996F11A02267685B0064D6DA /* ApplicationAction.swift in Sources */ = {isa = PBXBuildFile; fileRef = 996F119F2267685B0064D6DA /* ApplicationAction.swift */; };
		996F11A2226768660064D6DA /* ApplicationInput.swift in Sources */ = {isa = PBXBuildFile; fileRef = 996F11A1226768660064D6DA /* ApplicationInput.swift */; };
		996F11A42267686D0064D6DA /* Keybinds.swift in Sources */ = {isa = PBXBuildFile; fileRef = 996F11A32267686D0064D6DA /* Keybinds.swift */; };
		9971379A229C6A8C009E8F35 /* SettingsPresenter.swift in Sources */ = {isa = PBXBuildFile; fileRef = 99713799229C6A8C009E8F35 /* SettingsPresenter.swift */; };
		99761BC222898D94004577E0 /* QuickPlayerView.swift in Sources */ = {isa = PBXBuildFile; fileRef = 99761BC122898D94004577E0 /* QuickPlayerView.swift */; };
		997C9448229AD68B00601D12 /* SettingsDropDownView.swift in Sources */ = {isa = PBXBuildFile; fileRef = 997C9447229AD68B00601D12 /* SettingsDropDownView.swift */; };
		997C944A229AE30E00601D12 /* SettingsPickViewContentView.swift in Sources */ = {isa = PBXBuildFile; fileRef = 997C9449229AE30D00601D12 /* SettingsPickViewContentView.swift */; };
		999382E722806D5A00B8C8D9 /* PermissionsViewController.swift in Sources */ = {isa = PBXBuildFile; fileRef = 999382E622806D5A00B8C8D9 /* PermissionsViewController.swift */; };
		999382EB22807DCA00B8C8D9 /* AlbumsCell.xib in Resources */ = {isa = PBXBuildFile; fileRef = 999382EA22807DCA00B8C8D9 /* AlbumsCell.xib */; };
		999F7A652291B2B10065E360 /* Text.swift in Sources */ = {isa = PBXBuildFile; fileRef = 999F7A642291B2B10065E360 /* Text.swift */; };
		999F7A672291B5200065E360 /* StringExtensions.swift in Sources */ = {isa = PBXBuildFile; fileRef = 999F7A662291B5200065E360 /* StringExtensions.swift */; };
		99A0140922820A7E0084E830 /* NavigationHelpers.swift in Sources */ = {isa = PBXBuildFile; fileRef = 99A0140822820A7E0084E830 /* NavigationHelpers.swift */; };
		99A0140B228215430084E830 /* AlbumsView.xib in Resources */ = {isa = PBXBuildFile; fileRef = 99A0140A228215430084E830 /* AlbumsView.xib */; };
		99A0140D22821D1C0084E830 /* PlaylistView.xib in Resources */ = {isa = PBXBuildFile; fileRef = 99A0140C22821D1C0084E830 /* PlaylistView.xib */; };
		99A6CA7922677C0C0071DC0D /* MediaSorting.swift in Sources */ = {isa = PBXBuildFile; fileRef = 99A6CA7822677C0C0071DC0D /* MediaSorting.swift */; };
		99A6CA7C22677C850071DC0D /* AppSettings.swift in Sources */ = {isa = PBXBuildFile; fileRef = 99A6CA7B22677C850071DC0D /* AppSettings.swift */; };
		99A6CA7E22677EA40071DC0D /* AppThemeSetter.swift in Sources */ = {isa = PBXBuildFile; fileRef = 99A6CA7D22677EA40071DC0D /* AppThemeSetter.swift */; };
		99A6CA8022677EF20071DC0D /* Serializing.swift in Sources */ = {isa = PBXBuildFile; fileRef = 99A6CA7F22677EF20071DC0D /* Serializing.swift */; };
		99B2D9E922A444D6003BC592 /* CreateListView.swift in Sources */ = {isa = PBXBuildFile; fileRef = 99B2D9E822A444D6003BC592 /* CreateListView.swift */; };
		99B2D9EB22A444DD003BC592 /* CreateListView.xib in Resources */ = {isa = PBXBuildFile; fileRef = 99B2D9EA22A444DD003BC592 /* CreateListView.xib */; };
		99B2D9ED22A44994003BC592 /* CreateListsViewController.swift in Sources */ = {isa = PBXBuildFile; fileRef = 99B2D9EC22A44994003BC592 /* CreateListsViewController.swift */; };
		99B8617F2287614500344C17 /* UIAnimations.swift in Sources */ = {isa = PBXBuildFile; fileRef = 99B8617E2287614500344C17 /* UIAnimations.swift */; };
		99B9CA5D2278859100000888 /* AlbumsPresenter.swift in Sources */ = {isa = PBXBuildFile; fileRef = 99B9CA5C2278859100000888 /* AlbumsPresenter.swift */; };
		99B9CA5F2278859800000888 /* BasePresenter.swift in Sources */ = {isa = PBXBuildFile; fileRef = 99B9CA5E2278859800000888 /* BasePresenter.swift */; };
		99C633E722849E2E00A2BF25 /* PlayerViewController.swift in Sources */ = {isa = PBXBuildFile; fileRef = 99C633E622849E2E00A2BF25 /* PlayerViewController.swift */; };
		99C633E922849EC800A2BF25 /* PlayerView.swift in Sources */ = {isa = PBXBuildFile; fileRef = 99C633E822849EC800A2BF25 /* PlayerView.swift */; };
		99C633EB22849ECF00A2BF25 /* PlayerView.xib in Resources */ = {isa = PBXBuildFile; fileRef = 99C633EA22849ECF00A2BF25 /* PlayerView.xib */; };
		99C633ED2284A36800A2BF25 /* PlayerPresenter.swift in Sources */ = {isa = PBXBuildFile; fileRef = 99C633EC2284A36800A2BF25 /* PlayerPresenter.swift */; };
		99C9405522835F4600F0FA49 /* BaseViewDelegate.swift in Sources */ = {isa = PBXBuildFile; fileRef = 99C9405422835F4600F0FA49 /* BaseViewDelegate.swift */; };
		99CBB58B22A6614C00D5683F /* PlaylistItemCell.swift in Sources */ = {isa = PBXBuildFile; fileRef = 99CBB58922A6614C00D5683F /* PlaylistItemCell.swift */; };
		99CBB58C22A6614C00D5683F /* PlaylistItemCell.xib in Resources */ = {isa = PBXBuildFile; fileRef = 99CBB58A22A6614C00D5683F /* PlaylistItemCell.xib */; };
		99D69D5222998522007D79F8 /* MainViewController.swift in Sources */ = {isa = PBXBuildFile; fileRef = 99D69D5122998522007D79F8 /* MainViewController.swift */; };
		99D69D5422998541007D79F8 /* MainView.xib in Resources */ = {isa = PBXBuildFile; fileRef = 99D69D5322998541007D79F8 /* MainView.xib */; };
		99D69D5622998667007D79F8 /* MainView.swift in Sources */ = {isa = PBXBuildFile; fileRef = 99D69D5522998667007D79F8 /* MainView.swift */; };
		99D69D5A22998733007D79F8 /* MainTabView.swift in Sources */ = {isa = PBXBuildFile; fileRef = 99D69D5922998733007D79F8 /* MainTabView.swift */; };
		99DE0087229D7D7D00ADB539 /* GeneralStorageObserver.swift in Sources */ = {isa = PBXBuildFile; fileRef = 99DE0086229D7D7D00ADB539 /* GeneralStorageObserver.swift */; };
		99F2C26122898B35000F6AA7 /* QuickPlayerView.xib in Resources */ = {isa = PBXBuildFile; fileRef = 99F2C26022898B35000F6AA7 /* QuickPlayerView.xib */; };
		99F33F6A22A410A60049DA68 /* AppState.swift in Sources */ = {isa = PBXBuildFile; fileRef = 99F33F6922A410A60049DA68 /* AppState.swift */; };
		99F33F6C22A413840049DA68 /* ListsView.xib in Resources */ = {isa = PBXBuildFile; fileRef = 99F33F6B22A413840049DA68 /* ListsView.xib */; };
		99F33F6E22A414F70049DA68 /* ListsPresenter.swift in Sources */ = {isa = PBXBuildFile; fileRef = 99F33F6D22A414F70049DA68 /* ListsPresenter.swift */; };
		99F33F7022A419070049DA68 /* ListsItemCell.swift in Sources */ = {isa = PBXBuildFile; fileRef = 99F33F6F22A419070049DA68 /* ListsItemCell.swift */; };
		99F33F7222A4191E0049DA68 /* ListsItemCell.xib in Resources */ = {isa = PBXBuildFile; fileRef = 99F33F7122A4191E0049DA68 /* ListsItemCell.xib */; };
/* End PBXBuildFile section */

/* Begin PBXContainerItemProxy section */
		992EC1C8225B6A5E007DDD9D /* PBXContainerItemProxy */ = {
			isa = PBXContainerItemProxy;
			containerPortal = 992EC1A9225B6A5C007DDD9D /* Project object */;
			proxyType = 1;
			remoteGlobalIDString = 992EC1B0225B6A5C007DDD9D;
			remoteInfo = NotABadPlayer;
		};
		992EC1D3225B6A5E007DDD9D /* PBXContainerItemProxy */ = {
			isa = PBXContainerItemProxy;
			containerPortal = 992EC1A9225B6A5C007DDD9D /* Project object */;
			proxyType = 1;
			remoteGlobalIDString = 992EC1B0225B6A5C007DDD9D;
			remoteInfo = NotABadPlayer;
		};
/* End PBXContainerItemProxy section */

/* Begin PBXFileReference section */
		2F710AB58EC3D5E1FA8C3115 /* libPods-NotABadPlayer.a */ = {isa = PBXFileReference; explicitFileType = archive.ar; includeInIndex = 0; path = "libPods-NotABadPlayer.a"; sourceTree = BUILT_PRODUCTS_DIR; };
		99021E452281EE2A007B2BF7 /* PlaylistViewController.swift */ = {isa = PBXFileReference; lastKnownFileType = sourcecode.swift; path = PlaylistViewController.swift; sourceTree = "<group>"; };
		99021E492281EEEA007B2BF7 /* PlaylistPresenter.swift */ = {isa = PBXFileReference; lastKnownFileType = sourcecode.swift; path = PlaylistPresenter.swift; sourceTree = "<group>"; };
		99021E4C2281EF5C007B2BF7 /* PlaylistView.swift */ = {isa = PBXFileReference; lastKnownFileType = sourcecode.swift; path = PlaylistView.swift; sourceTree = "<group>"; };
		9909D6672299199600B4E637 /* SettingsView.swift */ = {isa = PBXFileReference; lastKnownFileType = sourcecode.swift; path = SettingsView.swift; sourceTree = "<group>"; };
		9909D669229919A200B4E637 /* SettingsView.xib */ = {isa = PBXFileReference; lastKnownFileType = file.xib; path = SettingsView.xib; sourceTree = "<group>"; };
		9909D66B229920DE00B4E637 /* SettingsPickView.swift */ = {isa = PBXFileReference; lastKnownFileType = sourcecode.swift; path = SettingsPickView.swift; sourceTree = "<group>"; };
		9909D66D229925C200B4E637 /* SettingsPickContentView.xib */ = {isa = PBXFileReference; lastKnownFileType = file.xib; path = SettingsPickContentView.xib; sourceTree = "<group>"; };
		99194240227867BF00FF041E /* AlbumsView.swift */ = {isa = PBXFileReference; lastKnownFileType = sourcecode.swift; path = AlbumsView.swift; sourceTree = "<group>"; };
		99194242227867CA00FF041E /* AlbumsCell.swift */ = {isa = PBXFileReference; lastKnownFileType = sourcecode.swift; path = AlbumsCell.swift; sourceTree = "<group>"; };
		992EA211228FF7C7000C5592 /* AlertWindows.swift */ = {isa = PBXFileReference; lastKnownFileType = sourcecode.swift; path = AlertWindows.swift; sourceTree = "<group>"; };
		992EC1B1225B6A5C007DDD9D /* NotABadPlayer.app */ = {isa = PBXFileReference; explicitFileType = wrapper.application; includeInIndex = 0; path = NotABadPlayer.app; sourceTree = BUILT_PRODUCTS_DIR; };
		992EC1B4225B6A5C007DDD9D /* AppDelegate.swift */ = {isa = PBXFileReference; lastKnownFileType = sourcecode.swift; path = AppDelegate.swift; sourceTree = "<group>"; };
		992EC1B6225B6A5C007DDD9D /* AlbumsViewController.swift */ = {isa = PBXFileReference; lastKnownFileType = sourcecode.swift; path = AlbumsViewController.swift; sourceTree = "<group>"; };
		992EC1B8225B6A5C007DDD9D /* ListsViewController.swift */ = {isa = PBXFileReference; lastKnownFileType = sourcecode.swift; path = ListsViewController.swift; sourceTree = "<group>"; };
		992EC1BD225B6A5E007DDD9D /* Assets.xcassets */ = {isa = PBXFileReference; lastKnownFileType = folder.assetcatalog; path = Assets.xcassets; sourceTree = "<group>"; };
		992EC1C0225B6A5E007DDD9D /* Base */ = {isa = PBXFileReference; lastKnownFileType = file.storyboard; name = Base; path = Base.lproj/LaunchScreen.storyboard; sourceTree = "<group>"; };
		992EC1C2225B6A5E007DDD9D /* Info.plist */ = {isa = PBXFileReference; lastKnownFileType = text.plist.xml; path = Info.plist; sourceTree = "<group>"; };
		992EC1C7225B6A5E007DDD9D /* NotABadPlayerTests.xctest */ = {isa = PBXFileReference; explicitFileType = wrapper.cfbundle; includeInIndex = 0; path = NotABadPlayerTests.xctest; sourceTree = BUILT_PRODUCTS_DIR; };
		992EC1CB225B6A5E007DDD9D /* NotABadPlayerTests.swift */ = {isa = PBXFileReference; lastKnownFileType = sourcecode.swift; path = NotABadPlayerTests.swift; sourceTree = "<group>"; };
		992EC1CD225B6A5E007DDD9D /* Info.plist */ = {isa = PBXFileReference; lastKnownFileType = text.plist.xml; path = Info.plist; sourceTree = "<group>"; };
		992EC1D2225B6A5E007DDD9D /* NotABadPlayerUITests.xctest */ = {isa = PBXFileReference; explicitFileType = wrapper.cfbundle; includeInIndex = 0; path = NotABadPlayerUITests.xctest; sourceTree = BUILT_PRODUCTS_DIR; };
		992EC1D6225B6A5E007DDD9D /* NotABadPlayerUITests.swift */ = {isa = PBXFileReference; lastKnownFileType = sourcecode.swift; path = NotABadPlayerUITests.swift; sourceTree = "<group>"; };
		992EC1D8225B6A5E007DDD9D /* Info.plist */ = {isa = PBXFileReference; lastKnownFileType = text.plist.xml; path = Info.plist; sourceTree = "<group>"; };
		992EC1E6225B6E65007DDD9D /* SearchViewController.swift */ = {isa = PBXFileReference; lastKnownFileType = sourcecode.swift; path = SearchViewController.swift; sourceTree = "<group>"; };
		992EC1EC225B6ED9007DDD9D /* SettingsViewController.swift */ = {isa = PBXFileReference; lastKnownFileType = sourcecode.swift; path = SettingsViewController.swift; sourceTree = "<group>"; };
		992FC78B22A54F8800411305 /* CreateListAddedTrackCell.swift */ = {isa = PBXFileReference; lastKnownFileType = sourcecode.swift; path = CreateListAddedTrackCell.swift; sourceTree = "<group>"; };
		992FC78D22A54FCF00411305 /* CreateListAddedTrackCell.xib */ = {isa = PBXFileReference; lastKnownFileType = file.xib; path = CreateListAddedTrackCell.xib; sourceTree = "<group>"; };
		992FC78F22A5503A00411305 /* CreateListAlbumCell.swift */ = {isa = PBXFileReference; lastKnownFileType = sourcecode.swift; path = CreateListAlbumCell.swift; sourceTree = "<group>"; };
		992FC79122A5504400411305 /* CreateListAlbumCell.xib */ = {isa = PBXFileReference; lastKnownFileType = file.xib; path = CreateListAlbumCell.xib; sourceTree = "<group>"; };
		992FC79322A5505A00411305 /* CreateListAlbumTrackCell.swift */ = {isa = PBXFileReference; lastKnownFileType = sourcecode.swift; path = CreateListAlbumTrackCell.swift; sourceTree = "<group>"; };
		992FC79522A5505F00411305 /* CreateListAlbumTrackCell.xib */ = {isa = PBXFileReference; lastKnownFileType = file.xib; path = CreateListAlbumTrackCell.xib; sourceTree = "<group>"; };
		993B353422840D8C0003D150 /* PlaylistHeaderView.swift */ = {isa = PBXFileReference; lastKnownFileType = sourcecode.swift; path = PlaylistHeaderView.swift; sourceTree = "<group>"; };
		993B353622840F990003D150 /* PlaylistHeaderView.xib */ = {isa = PBXFileReference; lastKnownFileType = file.xib; path = PlaylistHeaderView.xib; sourceTree = "<group>"; };
		994046DA229E953100C6B789 /* SearchView.xib */ = {isa = PBXFileReference; fileEncoding = 4; lastKnownFileType = file.xib; path = SearchView.xib; sourceTree = "<group>"; };
		994046DB229E953100C6B789 /* SearchView.swift */ = {isa = PBXFileReference; fileEncoding = 4; lastKnownFileType = sourcecode.swift; path = SearchView.swift; sourceTree = "<group>"; };
		994046DE229E962B00C6B789 /* SearchPresenter.swift */ = {isa = PBXFileReference; lastKnownFileType = sourcecode.swift; path = SearchPresenter.swift; sourceTree = "<group>"; };
		994046E0229EBEB700C6B789 /* SearchItemCell.swift */ = {isa = PBXFileReference; lastKnownFileType = sourcecode.swift; path = SearchItemCell.swift; sourceTree = "<group>"; };
		994046E2229EBEC300C6B789 /* SearchItemCell.xib */ = {isa = PBXFileReference; lastKnownFileType = file.xib; path = SearchItemCell.xib; sourceTree = "<group>"; };
		994046E5229EBEF000C6B789 /* ListsView.swift */ = {isa = PBXFileReference; lastKnownFileType = sourcecode.swift; path = ListsView.swift; sourceTree = "<group>"; };
		9949E52E228E9599002CDCC0 /* QuickPlayerService.swift */ = {isa = PBXFileReference; lastKnownFileType = sourcecode.swift; path = QuickPlayerService.swift; sourceTree = "<group>"; };
		9949E530228E9698002CDCC0 /* Looper.swift */ = {isa = PBXFileReference; lastKnownFileType = sourcecode.swift; path = Looper.swift; sourceTree = "<group>"; };
		994E20FE2296D516002BA684 /* CollectionIndexerView.swift */ = {isa = PBXFileReference; lastKnownFileType = sourcecode.swift; path = CollectionIndexerView.swift; sourceTree = "<group>"; };
		9960343922805E77003A0DFE /* Logging.swift */ = {isa = PBXFileReference; lastKnownFileType = sourcecode.swift; path = Logging.swift; sourceTree = "<group>"; };
		9961B68A229F1C83001F4B35 /* UIExtensions.swift */ = {isa = PBXFileReference; lastKnownFileType = sourcecode.swift; path = UIExtensions.swift; sourceTree = "<group>"; };
		996392F62260AB090050F82A /* AudioAlbum.swift */ = {isa = PBXFileReference; lastKnownFileType = sourcecode.swift; path = AudioAlbum.swift; sourceTree = "<group>"; };
		996392F82260AB140050F82A /* AudioTrack.swift */ = {isa = PBXFileReference; lastKnownFileType = sourcecode.swift; path = AudioTrack.swift; sourceTree = "<group>"; };
		996392FA2260ABFA0050F82A /* AudioTrackSource.swift */ = {isa = PBXFileReference; lastKnownFileType = sourcecode.swift; path = AudioTrackSource.swift; sourceTree = "<group>"; };
		996392FC2260ACEB0050F82A /* AudioPlaylist.swift */ = {isa = PBXFileReference; lastKnownFileType = sourcecode.swift; path = AudioPlaylist.swift; sourceTree = "<group>"; };
		996392FE2260BC0B0050F82A /* AudioInfo.swift */ = {isa = PBXFileReference; lastKnownFileType = sourcecode.swift; path = AudioInfo.swift; sourceTree = "<group>"; };
		996393002260BD360050F82A /* AudioStorage.swift */ = {isa = PBXFileReference; lastKnownFileType = sourcecode.swift; path = AudioStorage.swift; sourceTree = "<group>"; };
		996393022260C00F0050F82A /* AudioPlayerObserver.swift */ = {isa = PBXFileReference; lastKnownFileType = sourcecode.swift; path = AudioPlayerObserver.swift; sourceTree = "<group>"; };
		996393042260C0430050F82A /* AudioPlayer.swift */ = {isa = PBXFileReference; lastKnownFileType = sourcecode.swift; path = AudioPlayer.swift; sourceTree = "<group>"; };
		996F119C226766C40064D6DA /* GeneralStorage.swift */ = {isa = PBXFileReference; lastKnownFileType = sourcecode.swift; path = GeneralStorage.swift; sourceTree = "<group>"; };
		996F119F2267685B0064D6DA /* ApplicationAction.swift */ = {isa = PBXFileReference; lastKnownFileType = sourcecode.swift; path = ApplicationAction.swift; sourceTree = "<group>"; };
		996F11A1226768660064D6DA /* ApplicationInput.swift */ = {isa = PBXFileReference; lastKnownFileType = sourcecode.swift; path = ApplicationInput.swift; sourceTree = "<group>"; };
		996F11A32267686D0064D6DA /* Keybinds.swift */ = {isa = PBXFileReference; lastKnownFileType = sourcecode.swift; path = Keybinds.swift; sourceTree = "<group>"; };
		99713799229C6A8C009E8F35 /* SettingsPresenter.swift */ = {isa = PBXFileReference; lastKnownFileType = sourcecode.swift; path = SettingsPresenter.swift; sourceTree = "<group>"; };
		99761BC122898D94004577E0 /* QuickPlayerView.swift */ = {isa = PBXFileReference; lastKnownFileType = sourcecode.swift; path = QuickPlayerView.swift; sourceTree = "<group>"; };
		997C9447229AD68B00601D12 /* SettingsDropDownView.swift */ = {isa = PBXFileReference; lastKnownFileType = sourcecode.swift; path = SettingsDropDownView.swift; sourceTree = "<group>"; };
		997C9449229AE30D00601D12 /* SettingsPickViewContentView.swift */ = {isa = PBXFileReference; lastKnownFileType = sourcecode.swift; path = SettingsPickViewContentView.swift; sourceTree = "<group>"; };
		999382E622806D5A00B8C8D9 /* PermissionsViewController.swift */ = {isa = PBXFileReference; lastKnownFileType = sourcecode.swift; path = PermissionsViewController.swift; sourceTree = "<group>"; };
		999382EA22807DCA00B8C8D9 /* AlbumsCell.xib */ = {isa = PBXFileReference; lastKnownFileType = file.xib; path = AlbumsCell.xib; sourceTree = "<group>"; };
		999F7A642291B2B10065E360 /* Text.swift */ = {isa = PBXFileReference; lastKnownFileType = sourcecode.swift; path = Text.swift; sourceTree = "<group>"; };
		999F7A662291B5200065E360 /* StringExtensions.swift */ = {isa = PBXFileReference; lastKnownFileType = sourcecode.swift; path = StringExtensions.swift; sourceTree = "<group>"; };
		99A0140822820A7E0084E830 /* NavigationHelpers.swift */ = {isa = PBXFileReference; lastKnownFileType = sourcecode.swift; path = NavigationHelpers.swift; sourceTree = "<group>"; };
		99A0140A228215430084E830 /* AlbumsView.xib */ = {isa = PBXFileReference; lastKnownFileType = file.xib; path = AlbumsView.xib; sourceTree = "<group>"; };
		99A0140C22821D1C0084E830 /* PlaylistView.xib */ = {isa = PBXFileReference; lastKnownFileType = file.xib; path = PlaylistView.xib; sourceTree = "<group>"; };
		99A6CA7822677C0C0071DC0D /* MediaSorting.swift */ = {isa = PBXFileReference; lastKnownFileType = sourcecode.swift; path = MediaSorting.swift; sourceTree = "<group>"; };
		99A6CA7B22677C850071DC0D /* AppSettings.swift */ = {isa = PBXFileReference; lastKnownFileType = sourcecode.swift; path = AppSettings.swift; sourceTree = "<group>"; };
		99A6CA7D22677EA40071DC0D /* AppThemeSetter.swift */ = {isa = PBXFileReference; lastKnownFileType = sourcecode.swift; path = AppThemeSetter.swift; sourceTree = "<group>"; };
		99A6CA7F22677EF20071DC0D /* Serializing.swift */ = {isa = PBXFileReference; lastKnownFileType = sourcecode.swift; path = Serializing.swift; sourceTree = "<group>"; };
		99B2D9E822A444D6003BC592 /* CreateListView.swift */ = {isa = PBXFileReference; lastKnownFileType = sourcecode.swift; path = CreateListView.swift; sourceTree = "<group>"; };
		99B2D9EA22A444DD003BC592 /* CreateListView.xib */ = {isa = PBXFileReference; lastKnownFileType = file.xib; path = CreateListView.xib; sourceTree = "<group>"; };
		99B2D9EC22A44994003BC592 /* CreateListsViewController.swift */ = {isa = PBXFileReference; lastKnownFileType = sourcecode.swift; path = CreateListsViewController.swift; sourceTree = "<group>"; };
		99B8617E2287614500344C17 /* UIAnimations.swift */ = {isa = PBXFileReference; lastKnownFileType = sourcecode.swift; path = UIAnimations.swift; sourceTree = "<group>"; };
		99B9CA5C2278859100000888 /* AlbumsPresenter.swift */ = {isa = PBXFileReference; lastKnownFileType = sourcecode.swift; path = AlbumsPresenter.swift; sourceTree = "<group>"; };
		99B9CA5E2278859800000888 /* BasePresenter.swift */ = {isa = PBXFileReference; lastKnownFileType = sourcecode.swift; path = BasePresenter.swift; sourceTree = "<group>"; };
		99C633E622849E2E00A2BF25 /* PlayerViewController.swift */ = {isa = PBXFileReference; lastKnownFileType = sourcecode.swift; path = PlayerViewController.swift; sourceTree = "<group>"; };
		99C633E822849EC800A2BF25 /* PlayerView.swift */ = {isa = PBXFileReference; lastKnownFileType = sourcecode.swift; path = PlayerView.swift; sourceTree = "<group>"; };
		99C633EA22849ECF00A2BF25 /* PlayerView.xib */ = {isa = PBXFileReference; lastKnownFileType = file.xib; path = PlayerView.xib; sourceTree = "<group>"; };
		99C633EC2284A36800A2BF25 /* PlayerPresenter.swift */ = {isa = PBXFileReference; lastKnownFileType = sourcecode.swift; path = PlayerPresenter.swift; sourceTree = "<group>"; };
		99C9405422835F4600F0FA49 /* BaseViewDelegate.swift */ = {isa = PBXFileReference; lastKnownFileType = sourcecode.swift; path = BaseViewDelegate.swift; sourceTree = "<group>"; };
		99CBB58922A6614C00D5683F /* PlaylistItemCell.swift */ = {isa = PBXFileReference; fileEncoding = 4; lastKnownFileType = sourcecode.swift; path = PlaylistItemCell.swift; sourceTree = "<group>"; };
		99CBB58A22A6614C00D5683F /* PlaylistItemCell.xib */ = {isa = PBXFileReference; fileEncoding = 4; lastKnownFileType = file.xib; path = PlaylistItemCell.xib; sourceTree = "<group>"; };
		99D69D5122998522007D79F8 /* MainViewController.swift */ = {isa = PBXFileReference; lastKnownFileType = sourcecode.swift; path = MainViewController.swift; sourceTree = "<group>"; };
		99D69D5322998541007D79F8 /* MainView.xib */ = {isa = PBXFileReference; lastKnownFileType = file.xib; path = MainView.xib; sourceTree = "<group>"; };
		99D69D5522998667007D79F8 /* MainView.swift */ = {isa = PBXFileReference; lastKnownFileType = sourcecode.swift; path = MainView.swift; sourceTree = "<group>"; };
		99D69D5922998733007D79F8 /* MainTabView.swift */ = {isa = PBXFileReference; lastKnownFileType = sourcecode.swift; path = MainTabView.swift; sourceTree = "<group>"; };
		99DE0086229D7D7D00ADB539 /* GeneralStorageObserver.swift */ = {isa = PBXFileReference; lastKnownFileType = sourcecode.swift; path = GeneralStorageObserver.swift; sourceTree = "<group>"; };
		99F2C26022898B35000F6AA7 /* QuickPlayerView.xib */ = {isa = PBXFileReference; lastKnownFileType = file.xib; path = QuickPlayerView.xib; sourceTree = "<group>"; };
		99F33F6922A410A60049DA68 /* AppState.swift */ = {isa = PBXFileReference; lastKnownFileType = sourcecode.swift; path = AppState.swift; sourceTree = "<group>"; };
		99F33F6B22A413840049DA68 /* ListsView.xib */ = {isa = PBXFileReference; lastKnownFileType = file.xib; path = ListsView.xib; sourceTree = "<group>"; };
		99F33F6D22A414F70049DA68 /* ListsPresenter.swift */ = {isa = PBXFileReference; lastKnownFileType = sourcecode.swift; path = ListsPresenter.swift; sourceTree = "<group>"; };
		99F33F6F22A419070049DA68 /* ListsItemCell.swift */ = {isa = PBXFileReference; lastKnownFileType = sourcecode.swift; path = ListsItemCell.swift; sourceTree = "<group>"; };
		99F33F7122A4191E0049DA68 /* ListsItemCell.xib */ = {isa = PBXFileReference; lastKnownFileType = file.xib; path = ListsItemCell.xib; sourceTree = "<group>"; };
		BB4B74DBECF55DAE5230633C /* Pods-NotABadPlayer.release.xcconfig */ = {isa = PBXFileReference; includeInIndex = 1; lastKnownFileType = text.xcconfig; name = "Pods-NotABadPlayer.release.xcconfig"; path = "Target Support Files/Pods-NotABadPlayer/Pods-NotABadPlayer.release.xcconfig"; sourceTree = "<group>"; };
		DD871B545DBB27E8C1D6F59B /* Pods-NotABadPlayer.debug.xcconfig */ = {isa = PBXFileReference; includeInIndex = 1; lastKnownFileType = text.xcconfig; name = "Pods-NotABadPlayer.debug.xcconfig"; path = "Target Support Files/Pods-NotABadPlayer/Pods-NotABadPlayer.debug.xcconfig"; sourceTree = "<group>"; };
/* End PBXFileReference section */

/* Begin PBXFrameworksBuildPhase section */
		992EC1AE225B6A5C007DDD9D /* Frameworks */ = {
			isa = PBXFrameworksBuildPhase;
			buildActionMask = 2147483647;
			files = (
				904DB06C40019A1CA906F33E /* libPods-NotABadPlayer.a in Frameworks */,
			);
			runOnlyForDeploymentPostprocessing = 0;
		};
		992EC1C4225B6A5E007DDD9D /* Frameworks */ = {
			isa = PBXFrameworksBuildPhase;
			buildActionMask = 2147483647;
			files = (
			);
			runOnlyForDeploymentPostprocessing = 0;
		};
		992EC1CF225B6A5E007DDD9D /* Frameworks */ = {
			isa = PBXFrameworksBuildPhase;
			buildActionMask = 2147483647;
			files = (
			);
			runOnlyForDeploymentPostprocessing = 0;
		};
/* End PBXFrameworksBuildPhase section */

/* Begin PBXGroup section */
		7EE858BF9898BDAB0B82AC8E /* Pods */ = {
			isa = PBXGroup;
			children = (
				DD871B545DBB27E8C1D6F59B /* Pods-NotABadPlayer.debug.xcconfig */,
				BB4B74DBECF55DAE5230633C /* Pods-NotABadPlayer.release.xcconfig */,
			);
			path = Pods;
			sourceTree = "<group>";
		};
		9909D6612299193700B4E637 /* Albums */ = {
			isa = PBXGroup;
			children = (
				99194240227867BF00FF041E /* AlbumsView.swift */,
				99A0140A228215430084E830 /* AlbumsView.xib */,
				99194242227867CA00FF041E /* AlbumsCell.swift */,
				999382EA22807DCA00B8C8D9 /* AlbumsCell.xib */,
			);
			path = Albums;
			sourceTree = "<group>";
		};
		9909D6622299195000B4E637 /* Playlist */ = {
			isa = PBXGroup;
			children = (
				99021E4C2281EF5C007B2BF7 /* PlaylistView.swift */,
				99A0140C22821D1C0084E830 /* PlaylistView.xib */,
				993B353422840D8C0003D150 /* PlaylistHeaderView.swift */,
				993B353622840F990003D150 /* PlaylistHeaderView.xib */,
				99CBB58922A6614C00D5683F /* PlaylistItemCell.swift */,
				99CBB58A22A6614C00D5683F /* PlaylistItemCell.xib */,
			);
			path = Playlist;
			sourceTree = "<group>";
		};
		9909D6632299196800B4E637 /* Player */ = {
			isa = PBXGroup;
			children = (
				99C633E822849EC800A2BF25 /* PlayerView.swift */,
				99C633EA22849ECF00A2BF25 /* PlayerView.xib */,
				99761BC122898D94004577E0 /* QuickPlayerView.swift */,
				99F2C26022898B35000F6AA7 /* QuickPlayerView.xib */,
			);
			path = Player;
			sourceTree = "<group>";
		};
		9909D6642299197400B4E637 /* Settings */ = {
			isa = PBXGroup;
			children = (
				9909D6672299199600B4E637 /* SettingsView.swift */,
				9909D669229919A200B4E637 /* SettingsView.xib */,
				9909D66B229920DE00B4E637 /* SettingsPickView.swift */,
				997C9449229AE30D00601D12 /* SettingsPickViewContentView.swift */,
				9909D66D229925C200B4E637 /* SettingsPickContentView.xib */,
				997C9447229AD68B00601D12 /* SettingsDropDownView.swift */,
			);
			path = Settings;
			sourceTree = "<group>";
		};
		992EC1A8225B6A5C007DDD9D = {
			isa = PBXGroup;
			children = (
				992EC1B3225B6A5C007DDD9D /* NotABadPlayer */,
				992EC1CA225B6A5E007DDD9D /* NotABadPlayerTests */,
				992EC1D5225B6A5E007DDD9D /* NotABadPlayerUITests */,
				992EC1B2225B6A5C007DDD9D /* Products */,
				B9975CA464D5E8B15E95B30B /* Frameworks */,
				7EE858BF9898BDAB0B82AC8E /* Pods */,
			);
			sourceTree = "<group>";
		};
		992EC1B2225B6A5C007DDD9D /* Products */ = {
			isa = PBXGroup;
			children = (
				992EC1B1225B6A5C007DDD9D /* NotABadPlayer.app */,
				992EC1C7225B6A5E007DDD9D /* NotABadPlayerTests.xctest */,
				992EC1D2225B6A5E007DDD9D /* NotABadPlayerUITests.xctest */,
			);
			name = Products;
			sourceTree = "<group>";
		};
		992EC1B3225B6A5C007DDD9D /* NotABadPlayer */ = {
			isa = PBXGroup;
			children = (
				992EC1B4225B6A5C007DDD9D /* AppDelegate.swift */,
				99A6CA7A22677C730071DC0D /* Constants */,
				992EC1E9225B6EB1007DDD9D /* ViewController */,
				992EC1EE225B7063007DDD9D /* Presenters */,
				992EC1E8225B6EA8007DDD9D /* View */,
				992EC1EA225B6EB9007DDD9D /* Audio */,
				992EC1EB225B6EC7007DDD9D /* Storage */,
				996F119E226768420064D6DA /* Controls */,
				992EC1EF225B7079007DDD9D /* Utilities */,
				9949E52D228E958C002CDCC0 /* Services */,
				992EC1BD225B6A5E007DDD9D /* Assets.xcassets */,
				992EC1BF225B6A5E007DDD9D /* LaunchScreen.storyboard */,
				992EC1C2225B6A5E007DDD9D /* Info.plist */,
			);
			path = NotABadPlayer;
			sourceTree = "<group>";
		};
		992EC1CA225B6A5E007DDD9D /* NotABadPlayerTests */ = {
			isa = PBXGroup;
			children = (
				992EC1CB225B6A5E007DDD9D /* NotABadPlayerTests.swift */,
				992EC1CD225B6A5E007DDD9D /* Info.plist */,
			);
			path = NotABadPlayerTests;
			sourceTree = "<group>";
		};
		992EC1D5225B6A5E007DDD9D /* NotABadPlayerUITests */ = {
			isa = PBXGroup;
			children = (
				992EC1D6225B6A5E007DDD9D /* NotABadPlayerUITests.swift */,
				992EC1D8225B6A5E007DDD9D /* Info.plist */,
			);
			path = NotABadPlayerUITests;
			sourceTree = "<group>";
		};
		992EC1E8225B6EA8007DDD9D /* View */ = {
			isa = PBXGroup;
			children = (
				99C9405422835F4600F0FA49 /* BaseViewDelegate.swift */,
				993C6CEF22A10FB0005FA92C /* Main */,
				9909D6612299193700B4E637 /* Albums */,
				994046E4229EBEE700C6B789 /* Lists */,
				994046D9229E952200C6B789 /* Search */,
				9909D6642299197400B4E637 /* Settings */,
				9909D6622299195000B4E637 /* Playlist */,
				9909D6632299196800B4E637 /* Player */,
				993C6CEE22A10F81005FA92C /* Other */,
			);
			path = View;
			sourceTree = "<group>";
		};
		992EC1E9225B6EB1007DDD9D /* ViewController */ = {
			isa = PBXGroup;
			children = (
				99D69D5122998522007D79F8 /* MainViewController.swift */,
				992EC1B6225B6A5C007DDD9D /* AlbumsViewController.swift */,
				992EC1B8225B6A5C007DDD9D /* ListsViewController.swift */,
				99B2D9EC22A44994003BC592 /* CreateListsViewController.swift */,
				992EC1E6225B6E65007DDD9D /* SearchViewController.swift */,
				992EC1EC225B6ED9007DDD9D /* SettingsViewController.swift */,
				99021E452281EE2A007B2BF7 /* PlaylistViewController.swift */,
				99C633E622849E2E00A2BF25 /* PlayerViewController.swift */,
				999382E622806D5A00B8C8D9 /* PermissionsViewController.swift */,
			);
			path = ViewController;
			sourceTree = "<group>";
		};
		992EC1EA225B6EB9007DDD9D /* Audio */ = {
			isa = PBXGroup;
			children = (
				996392F62260AB090050F82A /* AudioAlbum.swift */,
				996392F82260AB140050F82A /* AudioTrack.swift */,
				996392FA2260ABFA0050F82A /* AudioTrackSource.swift */,
				996392FC2260ACEB0050F82A /* AudioPlaylist.swift */,
				996392FE2260BC0B0050F82A /* AudioInfo.swift */,
				996393042260C0430050F82A /* AudioPlayer.swift */,
				996393022260C00F0050F82A /* AudioPlayerObserver.swift */,
			);
			path = Audio;
			sourceTree = "<group>";
		};
		992EC1EB225B6EC7007DDD9D /* Storage */ = {
			isa = PBXGroup;
			children = (
				996F119C226766C40064D6DA /* GeneralStorage.swift */,
				99DE0086229D7D7D00ADB539 /* GeneralStorageObserver.swift */,
				996393002260BD360050F82A /* AudioStorage.swift */,
			);
			path = Storage;
			sourceTree = "<group>";
		};
		992EC1EE225B7063007DDD9D /* Presenters */ = {
			isa = PBXGroup;
			children = (
				99B9CA5E2278859800000888 /* BasePresenter.swift */,
				99B9CA5C2278859100000888 /* AlbumsPresenter.swift */,
				99F33F6D22A414F70049DA68 /* ListsPresenter.swift */,
				994046DE229E962B00C6B789 /* SearchPresenter.swift */,
				99713799229C6A8C009E8F35 /* SettingsPresenter.swift */,
				99021E492281EEEA007B2BF7 /* PlaylistPresenter.swift */,
				99C633EC2284A36800A2BF25 /* PlayerPresenter.swift */,
			);
			path = Presenters;
			sourceTree = "<group>";
		};
		992EC1EF225B7079007DDD9D /* Utilities */ = {
			isa = PBXGroup;
			children = (
				999F7A662291B5200065E360 /* StringExtensions.swift */,
				9961B68A229F1C83001F4B35 /* UIExtensions.swift */,
				99A6CA7F22677EF20071DC0D /* Serializing.swift */,
				9960343922805E77003A0DFE /* Logging.swift */,
				9949E530228E9698002CDCC0 /* Looper.swift */,
				99A0140822820A7E0084E830 /* NavigationHelpers.swift */,
				992EA211228FF7C7000C5592 /* AlertWindows.swift */,
				99B8617E2287614500344C17 /* UIAnimations.swift */,
				99A6CA7D22677EA40071DC0D /* AppThemeSetter.swift */,
				99A6CA7822677C0C0071DC0D /* MediaSorting.swift */,
			);
			path = Utilities;
			sourceTree = "<group>";
		};
		993C6CEE22A10F81005FA92C /* Other */ = {
			isa = PBXGroup;
			children = (
				994E20FE2296D516002BA684 /* CollectionIndexerView.swift */,
			);
			path = Other;
			sourceTree = "<group>";
		};
		993C6CEF22A10FB0005FA92C /* Main */ = {
			isa = PBXGroup;
			children = (
				99D69D5522998667007D79F8 /* MainView.swift */,
				99D69D5322998541007D79F8 /* MainView.xib */,
				99D69D5922998733007D79F8 /* MainTabView.swift */,
			);
			path = Main;
			sourceTree = "<group>";
		};
		994046D9229E952200C6B789 /* Search */ = {
			isa = PBXGroup;
			children = (
				994046DB229E953100C6B789 /* SearchView.swift */,
				994046DA229E953100C6B789 /* SearchView.xib */,
				994046E0229EBEB700C6B789 /* SearchItemCell.swift */,
				994046E2229EBEC300C6B789 /* SearchItemCell.xib */,
			);
			path = Search;
			sourceTree = "<group>";
		};
		994046E4229EBEE700C6B789 /* Lists */ = {
			isa = PBXGroup;
			children = (
				994046E5229EBEF000C6B789 /* ListsView.swift */,
				99F33F6B22A413840049DA68 /* ListsView.xib */,
				99F33F6F22A419070049DA68 /* ListsItemCell.swift */,
				99F33F7122A4191E0049DA68 /* ListsItemCell.xib */,
				99B2D9E822A444D6003BC592 /* CreateListView.swift */,
				99B2D9EA22A444DD003BC592 /* CreateListView.xib */,
				992FC78B22A54F8800411305 /* CreateListAddedTrackCell.swift */,
				992FC78D22A54FCF00411305 /* CreateListAddedTrackCell.xib */,
				992FC78F22A5503A00411305 /* CreateListAlbumCell.swift */,
				992FC79122A5504400411305 /* CreateListAlbumCell.xib */,
				992FC79322A5505A00411305 /* CreateListAlbumTrackCell.swift */,
				992FC79522A5505F00411305 /* CreateListAlbumTrackCell.xib */,
			);
			path = Lists;
			sourceTree = "<group>";
		};
		9949E52D228E958C002CDCC0 /* Services */ = {
			isa = PBXGroup;
			children = (
				9949E52E228E9599002CDCC0 /* QuickPlayerService.swift */,
			);
			path = Services;
			sourceTree = "<group>";
		};
		996F119E226768420064D6DA /* Controls */ = {
			isa = PBXGroup;
			children = (
				996F119F2267685B0064D6DA /* ApplicationAction.swift */,
				996F11A1226768660064D6DA /* ApplicationInput.swift */,
				996F11A32267686D0064D6DA /* Keybinds.swift */,
			);
			path = Controls;
			sourceTree = "<group>";
		};
		99A6CA7A22677C730071DC0D /* Constants */ = {
			isa = PBXGroup;
			children = (
				99A6CA7B22677C850071DC0D /* AppSettings.swift */,
				99F33F6922A410A60049DA68 /* AppState.swift */,
				999F7A642291B2B10065E360 /* Text.swift */,
			);
			path = Constants;
			sourceTree = "<group>";
		};
		B9975CA464D5E8B15E95B30B /* Frameworks */ = {
			isa = PBXGroup;
			children = (
				2F710AB58EC3D5E1FA8C3115 /* libPods-NotABadPlayer.a */,
			);
			name = Frameworks;
			sourceTree = "<group>";
		};
/* End PBXGroup section */

/* Begin PBXNativeTarget section */
		992EC1B0225B6A5C007DDD9D /* NotABadPlayer */ = {
			isa = PBXNativeTarget;
			buildConfigurationList = 992EC1DB225B6A5E007DDD9D /* Build configuration list for PBXNativeTarget "NotABadPlayer" */;
			buildPhases = (
				5C8F746F8FF7745EE8D0F293 /* [CP] Check Pods Manifest.lock */,
				992EC1AD225B6A5C007DDD9D /* Sources */,
				992EC1AE225B6A5C007DDD9D /* Frameworks */,
				992EC1AF225B6A5C007DDD9D /* Resources */,
			);
			buildRules = (
			);
			dependencies = (
			);
			name = NotABadPlayer;
			productName = NotABadPlayer;
			productReference = 992EC1B1225B6A5C007DDD9D /* NotABadPlayer.app */;
			productType = "com.apple.product-type.application";
		};
		992EC1C6225B6A5E007DDD9D /* NotABadPlayerTests */ = {
			isa = PBXNativeTarget;
			buildConfigurationList = 992EC1DE225B6A5E007DDD9D /* Build configuration list for PBXNativeTarget "NotABadPlayerTests" */;
			buildPhases = (
				992EC1C3225B6A5E007DDD9D /* Sources */,
				992EC1C4225B6A5E007DDD9D /* Frameworks */,
				992EC1C5225B6A5E007DDD9D /* Resources */,
			);
			buildRules = (
			);
			dependencies = (
				992EC1C9225B6A5E007DDD9D /* PBXTargetDependency */,
			);
			name = NotABadPlayerTests;
			productName = NotABadPlayerTests;
			productReference = 992EC1C7225B6A5E007DDD9D /* NotABadPlayerTests.xctest */;
			productType = "com.apple.product-type.bundle.unit-test";
		};
		992EC1D1225B6A5E007DDD9D /* NotABadPlayerUITests */ = {
			isa = PBXNativeTarget;
			buildConfigurationList = 992EC1E1225B6A5E007DDD9D /* Build configuration list for PBXNativeTarget "NotABadPlayerUITests" */;
			buildPhases = (
				992EC1CE225B6A5E007DDD9D /* Sources */,
				992EC1CF225B6A5E007DDD9D /* Frameworks */,
				992EC1D0225B6A5E007DDD9D /* Resources */,
			);
			buildRules = (
			);
			dependencies = (
				992EC1D4225B6A5E007DDD9D /* PBXTargetDependency */,
			);
			name = NotABadPlayerUITests;
			productName = NotABadPlayerUITests;
			productReference = 992EC1D2225B6A5E007DDD9D /* NotABadPlayerUITests.xctest */;
			productType = "com.apple.product-type.bundle.ui-testing";
		};
/* End PBXNativeTarget section */

/* Begin PBXProject section */
		992EC1A9225B6A5C007DDD9D /* Project object */ = {
			isa = PBXProject;
			attributes = {
				LastSwiftUpdateCheck = 1010;
				LastUpgradeCheck = 1010;
				ORGANIZATIONNAME = "Kristiyan Butev";
				TargetAttributes = {
					992EC1B0225B6A5C007DDD9D = {
						CreatedOnToolsVersion = 10.1;
						LastSwiftMigration = 1020;
					};
					992EC1C6225B6A5E007DDD9D = {
						CreatedOnToolsVersion = 10.1;
						TestTargetID = 992EC1B0225B6A5C007DDD9D;
					};
					992EC1D1225B6A5E007DDD9D = {
						CreatedOnToolsVersion = 10.1;
						TestTargetID = 992EC1B0225B6A5C007DDD9D;
					};
				};
			};
			buildConfigurationList = 992EC1AC225B6A5C007DDD9D /* Build configuration list for PBXProject "NotABadPlayer" */;
			compatibilityVersion = "Xcode 9.3";
			developmentRegion = en;
			hasScannedForEncodings = 0;
			knownRegions = (
				en,
				Base,
			);
			mainGroup = 992EC1A8225B6A5C007DDD9D;
			productRefGroup = 992EC1B2225B6A5C007DDD9D /* Products */;
			projectDirPath = "";
			projectRoot = "";
			targets = (
				992EC1B0225B6A5C007DDD9D /* NotABadPlayer */,
				992EC1C6225B6A5E007DDD9D /* NotABadPlayerTests */,
				992EC1D1225B6A5E007DDD9D /* NotABadPlayerUITests */,
			);
		};
/* End PBXProject section */

/* Begin PBXResourcesBuildPhase section */
		992EC1AF225B6A5C007DDD9D /* Resources */ = {
			isa = PBXResourcesBuildPhase;
			buildActionMask = 2147483647;
			files = (
				99F33F7222A4191E0049DA68 /* ListsItemCell.xib in Resources */,
				9909D66E229925C200B4E637 /* SettingsPickContentView.xib in Resources */,
				999382EB22807DCA00B8C8D9 /* AlbumsCell.xib in Resources */,
				99F2C26122898B35000F6AA7 /* QuickPlayerView.xib in Resources */,
				992EC1C1225B6A5E007DDD9D /* LaunchScreen.storyboard in Resources */,
				99C633EB22849ECF00A2BF25 /* PlayerView.xib in Resources */,
				994046DC229E953100C6B789 /* SearchView.xib in Resources */,
				99A0140D22821D1C0084E830 /* PlaylistView.xib in Resources */,
				99A0140B228215430084E830 /* AlbumsView.xib in Resources */,
				992FC79222A5504400411305 /* CreateListAlbumCell.xib in Resources */,
				994046E3229EBEC300C6B789 /* SearchItemCell.xib in Resources */,
				992FC79622A5505F00411305 /* CreateListAlbumTrackCell.xib in Resources */,
				992FC78E22A54FCF00411305 /* CreateListAddedTrackCell.xib in Resources */,
				99CBB58C22A6614C00D5683F /* PlaylistItemCell.xib in Resources */,
				99B2D9EB22A444DD003BC592 /* CreateListView.xib in Resources */,
				992EC1BE225B6A5E007DDD9D /* Assets.xcassets in Resources */,
				99F33F6C22A413840049DA68 /* ListsView.xib in Resources */,
				9909D66A229919A200B4E637 /* SettingsView.xib in Resources */,
				99D69D5422998541007D79F8 /* MainView.xib in Resources */,
				993B353722840F990003D150 /* PlaylistHeaderView.xib in Resources */,
			);
			runOnlyForDeploymentPostprocessing = 0;
		};
		992EC1C5225B6A5E007DDD9D /* Resources */ = {
			isa = PBXResourcesBuildPhase;
			buildActionMask = 2147483647;
			files = (
			);
			runOnlyForDeploymentPostprocessing = 0;
		};
		992EC1D0225B6A5E007DDD9D /* Resources */ = {
			isa = PBXResourcesBuildPhase;
			buildActionMask = 2147483647;
			files = (
			);
			runOnlyForDeploymentPostprocessing = 0;
		};
/* End PBXResourcesBuildPhase section */

/* Begin PBXShellScriptBuildPhase section */
		5C8F746F8FF7745EE8D0F293 /* [CP] Check Pods Manifest.lock */ = {
			isa = PBXShellScriptBuildPhase;
			buildActionMask = 2147483647;
			files = (
			);
			inputFileListPaths = (
			);
			inputPaths = (
				"${PODS_PODFILE_DIR_PATH}/Podfile.lock",
				"${PODS_ROOT}/Manifest.lock",
			);
			name = "[CP] Check Pods Manifest.lock";
			outputFileListPaths = (
			);
			outputPaths = (
				"$(DERIVED_FILE_DIR)/Pods-NotABadPlayer-checkManifestLockResult.txt",
			);
			runOnlyForDeploymentPostprocessing = 0;
			shellPath = /bin/sh;
			shellScript = "diff \"${PODS_PODFILE_DIR_PATH}/Podfile.lock\" \"${PODS_ROOT}/Manifest.lock\" > /dev/null\nif [ $? != 0 ] ; then\n    # print error to STDERR\n    echo \"error: The sandbox is not in sync with the Podfile.lock. Run 'pod install' or update your CocoaPods installation.\" >&2\n    exit 1\nfi\n# This output is used by Xcode 'outputs' to avoid re-running this script phase.\necho \"SUCCESS\" > \"${SCRIPT_OUTPUT_FILE_0}\"\n";
			showEnvVarsInLog = 0;
		};
/* End PBXShellScriptBuildPhase section */

/* Begin PBXSourcesBuildPhase section */
		992EC1AD225B6A5C007DDD9D /* Sources */ = {
			isa = PBXSourcesBuildPhase;
			buildActionMask = 2147483647;
			files = (
				996393012260BD360050F82A /* AudioStorage.swift in Sources */,
				996F11A2226768660064D6DA /* ApplicationInput.swift in Sources */,
				992EC1E7225B6E65007DDD9D /* SearchViewController.swift in Sources */,
				992FC79022A5503A00411305 /* CreateListAlbumCell.swift in Sources */,
				9960343A22805E77003A0DFE /* Logging.swift in Sources */,
				9971379A229C6A8C009E8F35 /* SettingsPresenter.swift in Sources */,
				99021E4A2281EEEA007B2BF7 /* PlaylistPresenter.swift in Sources */,
				994046DF229E962B00C6B789 /* SearchPresenter.swift in Sources */,
				99761BC222898D94004577E0 /* QuickPlayerView.swift in Sources */,
				994046E6229EBEF000C6B789 /* ListsView.swift in Sources */,
				992FC79422A5505A00411305 /* CreateListAlbumTrackCell.swift in Sources */,
				99C633E722849E2E00A2BF25 /* PlayerViewController.swift in Sources */,
				994046E1229EBEB700C6B789 /* SearchItemCell.swift in Sources */,
				99A6CA8022677EF20071DC0D /* Serializing.swift in Sources */,
				994046DD229E953100C6B789 /* SearchView.swift in Sources */,
				99C9405522835F4600F0FA49 /* BaseViewDelegate.swift in Sources */,
				99194243227867CA00FF041E /* AlbumsCell.swift in Sources */,
				992EC1B9225B6A5C007DDD9D /* ListsViewController.swift in Sources */,
				9949E52F228E9599002CDCC0 /* QuickPlayerService.swift in Sources */,
				99D69D5622998667007D79F8 /* MainView.swift in Sources */,
				996392FF2260BC0B0050F82A /* AudioInfo.swift in Sources */,
				99CBB58B22A6614C00D5683F /* PlaylistItemCell.swift in Sources */,
				99DE0087229D7D7D00ADB539 /* GeneralStorageObserver.swift in Sources */,
				99A6CA7E22677EA40071DC0D /* AppThemeSetter.swift in Sources */,
				996F11A02267685B0064D6DA /* ApplicationAction.swift in Sources */,
				996F11A42267686D0064D6DA /* Keybinds.swift in Sources */,
				99B9CA5F2278859800000888 /* BasePresenter.swift in Sources */,
				996F119D226766C40064D6DA /* GeneralStorage.swift in Sources */,
				996392F92260AB140050F82A /* AudioTrack.swift in Sources */,
				992EC1B5225B6A5C007DDD9D /* AppDelegate.swift in Sources */,
				99B2D9ED22A44994003BC592 /* CreateListsViewController.swift in Sources */,
				99B2D9E922A444D6003BC592 /* CreateListView.swift in Sources */,
				997C944A229AE30E00601D12 /* SettingsPickViewContentView.swift in Sources */,
				996393032260C00F0050F82A /* AudioPlayerObserver.swift in Sources */,
				992FC78C22A54F8800411305 /* CreateListAddedTrackCell.swift in Sources */,
				99B9CA5D2278859100000888 /* AlbumsPresenter.swift in Sources */,
				99194241227867BF00FF041E /* AlbumsView.swift in Sources */,
				99D69D5A22998733007D79F8 /* MainTabView.swift in Sources */,
				9961B68B229F1C83001F4B35 /* UIExtensions.swift in Sources */,
				996392F72260AB090050F82A /* AudioAlbum.swift in Sources */,
				994E20FF2296D516002BA684 /* CollectionIndexerView.swift in Sources */,
				99F33F7022A419070049DA68 /* ListsItemCell.swift in Sources */,
				9909D6682299199600B4E637 /* SettingsView.swift in Sources */,
				99F33F6E22A414F70049DA68 /* ListsPresenter.swift in Sources */,
				99C633E922849EC800A2BF25 /* PlayerView.swift in Sources */,
				992EC1B7225B6A5C007DDD9D /* AlbumsViewController.swift in Sources */,
				99A6CA7922677C0C0071DC0D /* MediaSorting.swift in Sources */,
				99A0140922820A7E0084E830 /* NavigationHelpers.swift in Sources */,
				999382E722806D5A00B8C8D9 /* PermissionsViewController.swift in Sources */,
				996392FB2260ABFA0050F82A /* AudioTrackSource.swift in Sources */,
				999F7A672291B5200065E360 /* StringExtensions.swift in Sources */,
				99B8617F2287614500344C17 /* UIAnimations.swift in Sources */,
				99D69D5222998522007D79F8 /* MainViewController.swift in Sources */,
				9909D66C229920DE00B4E637 /* SettingsPickView.swift in Sources */,
				99021E4D2281EF5C007B2BF7 /* PlaylistView.swift in Sources */,
				999F7A652291B2B10065E360 /* Text.swift in Sources */,
				99C633ED2284A36800A2BF25 /* PlayerPresenter.swift in Sources */,
				996392FD2260ACEB0050F82A /* AudioPlaylist.swift in Sources */,
				99F33F6A22A410A60049DA68 /* AppState.swift in Sources */,
				992EA212228FF7C7000C5592 /* AlertWindows.swift in Sources */,
				99021E462281EE2A007B2BF7 /* PlaylistViewController.swift in Sources */,
				997C9448229AD68B00601D12 /* SettingsDropDownView.swift in Sources */,
				992EC1ED225B6ED9007DDD9D /* SettingsViewController.swift in Sources */,
				9949E531228E9698002CDCC0 /* Looper.swift in Sources */,
				99A6CA7C22677C850071DC0D /* AppSettings.swift in Sources */,
				993B353522840D8C0003D150 /* PlaylistHeaderView.swift in Sources */,
				996393052260C0430050F82A /* AudioPlayer.swift in Sources */,
			);
			runOnlyForDeploymentPostprocessing = 0;
		};
		992EC1C3225B6A5E007DDD9D /* Sources */ = {
			isa = PBXSourcesBuildPhase;
			buildActionMask = 2147483647;
			files = (
				992EC1CC225B6A5E007DDD9D /* NotABadPlayerTests.swift in Sources */,
			);
			runOnlyForDeploymentPostprocessing = 0;
		};
		992EC1CE225B6A5E007DDD9D /* Sources */ = {
			isa = PBXSourcesBuildPhase;
			buildActionMask = 2147483647;
			files = (
				992EC1D7225B6A5E007DDD9D /* NotABadPlayerUITests.swift in Sources */,
			);
			runOnlyForDeploymentPostprocessing = 0;
		};
/* End PBXSourcesBuildPhase section */

/* Begin PBXTargetDependency section */
		992EC1C9225B6A5E007DDD9D /* PBXTargetDependency */ = {
			isa = PBXTargetDependency;
			target = 992EC1B0225B6A5C007DDD9D /* NotABadPlayer */;
			targetProxy = 992EC1C8225B6A5E007DDD9D /* PBXContainerItemProxy */;
		};
		992EC1D4225B6A5E007DDD9D /* PBXTargetDependency */ = {
			isa = PBXTargetDependency;
			target = 992EC1B0225B6A5C007DDD9D /* NotABadPlayer */;
			targetProxy = 992EC1D3225B6A5E007DDD9D /* PBXContainerItemProxy */;
		};
/* End PBXTargetDependency section */

/* Begin PBXVariantGroup section */
		992EC1BF225B6A5E007DDD9D /* LaunchScreen.storyboard */ = {
			isa = PBXVariantGroup;
			children = (
				992EC1C0225B6A5E007DDD9D /* Base */,
			);
			name = LaunchScreen.storyboard;
			sourceTree = "<group>";
		};
/* End PBXVariantGroup section */

/* Begin XCBuildConfiguration section */
		992EC1D9225B6A5E007DDD9D /* Debug */ = {
			isa = XCBuildConfiguration;
			buildSettings = {
				ALWAYS_SEARCH_USER_PATHS = NO;
				CLANG_ANALYZER_NONNULL = YES;
				CLANG_ANALYZER_NUMBER_OBJECT_CONVERSION = YES_AGGRESSIVE;
				CLANG_CXX_LANGUAGE_STANDARD = "gnu++14";
				CLANG_CXX_LIBRARY = "libc++";
				CLANG_ENABLE_MODULES = YES;
				CLANG_ENABLE_OBJC_ARC = YES;
				CLANG_ENABLE_OBJC_WEAK = YES;
				CLANG_WARN_BLOCK_CAPTURE_AUTORELEASING = YES;
				CLANG_WARN_BOOL_CONVERSION = YES;
				CLANG_WARN_COMMA = YES;
				CLANG_WARN_CONSTANT_CONVERSION = YES;
				CLANG_WARN_DEPRECATED_OBJC_IMPLEMENTATIONS = YES;
				CLANG_WARN_DIRECT_OBJC_ISA_USAGE = YES_ERROR;
				CLANG_WARN_DOCUMENTATION_COMMENTS = YES;
				CLANG_WARN_EMPTY_BODY = YES;
				CLANG_WARN_ENUM_CONVERSION = YES;
				CLANG_WARN_INFINITE_RECURSION = YES;
				CLANG_WARN_INT_CONVERSION = YES;
				CLANG_WARN_NON_LITERAL_NULL_CONVERSION = YES;
				CLANG_WARN_OBJC_IMPLICIT_RETAIN_SELF = YES;
				CLANG_WARN_OBJC_LITERAL_CONVERSION = YES;
				CLANG_WARN_OBJC_ROOT_CLASS = YES_ERROR;
				CLANG_WARN_RANGE_LOOP_ANALYSIS = YES;
				CLANG_WARN_STRICT_PROTOTYPES = YES;
				CLANG_WARN_SUSPICIOUS_MOVE = YES;
				CLANG_WARN_UNGUARDED_AVAILABILITY = YES_AGGRESSIVE;
				CLANG_WARN_UNREACHABLE_CODE = YES;
				CLANG_WARN__DUPLICATE_METHOD_MATCH = YES;
				CODE_SIGN_IDENTITY = "iPhone Developer";
				COPY_PHASE_STRIP = NO;
				DEBUG_INFORMATION_FORMAT = dwarf;
				ENABLE_STRICT_OBJC_MSGSEND = YES;
				ENABLE_TESTABILITY = YES;
				GCC_C_LANGUAGE_STANDARD = gnu11;
				GCC_DYNAMIC_NO_PIC = NO;
				GCC_NO_COMMON_BLOCKS = YES;
				GCC_OPTIMIZATION_LEVEL = 0;
				GCC_PREPROCESSOR_DEFINITIONS = (
					"DEBUG=1",
					"$(inherited)",
				);
				GCC_WARN_64_TO_32_BIT_CONVERSION = YES;
				GCC_WARN_ABOUT_RETURN_TYPE = YES_ERROR;
				GCC_WARN_UNDECLARED_SELECTOR = YES;
				GCC_WARN_UNINITIALIZED_AUTOS = YES_AGGRESSIVE;
				GCC_WARN_UNUSED_FUNCTION = YES;
				GCC_WARN_UNUSED_VARIABLE = YES;
				IPHONEOS_DEPLOYMENT_TARGET = 12.1;
				MTL_ENABLE_DEBUG_INFO = INCLUDE_SOURCE;
				MTL_FAST_MATH = YES;
				ONLY_ACTIVE_ARCH = YES;
				SDKROOT = iphoneos;
				SWIFT_ACTIVE_COMPILATION_CONDITIONS = DEBUG;
				SWIFT_OPTIMIZATION_LEVEL = "-Onone";
			};
			name = Debug;
		};
		992EC1DA225B6A5E007DDD9D /* Release */ = {
			isa = XCBuildConfiguration;
			buildSettings = {
				ALWAYS_SEARCH_USER_PATHS = NO;
				CLANG_ANALYZER_NONNULL = YES;
				CLANG_ANALYZER_NUMBER_OBJECT_CONVERSION = YES_AGGRESSIVE;
				CLANG_CXX_LANGUAGE_STANDARD = "gnu++14";
				CLANG_CXX_LIBRARY = "libc++";
				CLANG_ENABLE_MODULES = YES;
				CLANG_ENABLE_OBJC_ARC = YES;
				CLANG_ENABLE_OBJC_WEAK = YES;
				CLANG_WARN_BLOCK_CAPTURE_AUTORELEASING = YES;
				CLANG_WARN_BOOL_CONVERSION = YES;
				CLANG_WARN_COMMA = YES;
				CLANG_WARN_CONSTANT_CONVERSION = YES;
				CLANG_WARN_DEPRECATED_OBJC_IMPLEMENTATIONS = YES;
				CLANG_WARN_DIRECT_OBJC_ISA_USAGE = YES_ERROR;
				CLANG_WARN_DOCUMENTATION_COMMENTS = YES;
				CLANG_WARN_EMPTY_BODY = YES;
				CLANG_WARN_ENUM_CONVERSION = YES;
				CLANG_WARN_INFINITE_RECURSION = YES;
				CLANG_WARN_INT_CONVERSION = YES;
				CLANG_WARN_NON_LITERAL_NULL_CONVERSION = YES;
				CLANG_WARN_OBJC_IMPLICIT_RETAIN_SELF = YES;
				CLANG_WARN_OBJC_LITERAL_CONVERSION = YES;
				CLANG_WARN_OBJC_ROOT_CLASS = YES_ERROR;
				CLANG_WARN_RANGE_LOOP_ANALYSIS = YES;
				CLANG_WARN_STRICT_PROTOTYPES = YES;
				CLANG_WARN_SUSPICIOUS_MOVE = YES;
				CLANG_WARN_UNGUARDED_AVAILABILITY = YES_AGGRESSIVE;
				CLANG_WARN_UNREACHABLE_CODE = YES;
				CLANG_WARN__DUPLICATE_METHOD_MATCH = YES;
				CODE_SIGN_IDENTITY = "iPhone Developer";
				COPY_PHASE_STRIP = NO;
				DEBUG_INFORMATION_FORMAT = "dwarf-with-dsym";
				ENABLE_NS_ASSERTIONS = NO;
				ENABLE_STRICT_OBJC_MSGSEND = YES;
				GCC_C_LANGUAGE_STANDARD = gnu11;
				GCC_NO_COMMON_BLOCKS = YES;
				GCC_WARN_64_TO_32_BIT_CONVERSION = YES;
				GCC_WARN_ABOUT_RETURN_TYPE = YES_ERROR;
				GCC_WARN_UNDECLARED_SELECTOR = YES;
				GCC_WARN_UNINITIALIZED_AUTOS = YES_AGGRESSIVE;
				GCC_WARN_UNUSED_FUNCTION = YES;
				GCC_WARN_UNUSED_VARIABLE = YES;
				IPHONEOS_DEPLOYMENT_TARGET = 12.1;
				MTL_ENABLE_DEBUG_INFO = NO;
				MTL_FAST_MATH = YES;
				SDKROOT = iphoneos;
				SWIFT_COMPILATION_MODE = wholemodule;
				SWIFT_OPTIMIZATION_LEVEL = "-O";
				VALIDATE_PRODUCT = YES;
			};
			name = Release;
		};
		992EC1DC225B6A5E007DDD9D /* Debug */ = {
			isa = XCBuildConfiguration;
			baseConfigurationReference = DD871B545DBB27E8C1D6F59B /* Pods-NotABadPlayer.debug.xcconfig */;
			buildSettings = {
				ASSETCATALOG_COMPILER_APPICON_NAME = AppIcon;
				CLANG_ENABLE_MODULES = YES;
				CODE_SIGN_STYLE = Automatic;
				DEVELOPMENT_TEAM = XU7WQ382FC;
				INFOPLIST_FILE = NotABadPlayer/Info.plist;
				IPHONEOS_DEPLOYMENT_TARGET = 11.0;
				LD_RUNPATH_SEARCH_PATHS = (
					"$(inherited)",
					"@executable_path/Frameworks",
				);
				PRODUCT_BUNDLE_IDENTIFIER = media.NotABadPlayer;
				PRODUCT_NAME = "$(TARGET_NAME)";
				SWIFT_OPTIMIZATION_LEVEL = "-Onone";
				SWIFT_VERSION = 4.2;
				TARGETED_DEVICE_FAMILY = 1;
			};
			name = Debug;
		};
		992EC1DD225B6A5E007DDD9D /* Release */ = {
			isa = XCBuildConfiguration;
			baseConfigurationReference = BB4B74DBECF55DAE5230633C /* Pods-NotABadPlayer.release.xcconfig */;
			buildSettings = {
				ASSETCATALOG_COMPILER_APPICON_NAME = AppIcon;
				CLANG_ENABLE_MODULES = YES;
				CODE_SIGN_STYLE = Automatic;
				DEVELOPMENT_TEAM = XU7WQ382FC;
				INFOPLIST_FILE = NotABadPlayer/Info.plist;
				IPHONEOS_DEPLOYMENT_TARGET = 11.0;
				LD_RUNPATH_SEARCH_PATHS = (
					"$(inherited)",
					"@executable_path/Frameworks",
				);
				PRODUCT_BUNDLE_IDENTIFIER = media.NotABadPlayer;
				PRODUCT_NAME = "$(TARGET_NAME)";
				SWIFT_VERSION = 4.2;
				TARGETED_DEVICE_FAMILY = 1;
			};
			name = Release;
		};
		992EC1DF225B6A5E007DDD9D /* Debug */ = {
			isa = XCBuildConfiguration;
			buildSettings = {
				ALWAYS_EMBED_SWIFT_STANDARD_LIBRARIES = YES;
				BUNDLE_LOADER = "$(TEST_HOST)";
				CODE_SIGN_STYLE = Automatic;
				INFOPLIST_FILE = NotABadPlayerTests/Info.plist;
				LD_RUNPATH_SEARCH_PATHS = (
					"$(inherited)",
					"@executable_path/Frameworks",
					"@loader_path/Frameworks",
				);
				PRODUCT_BUNDLE_IDENTIFIER = media.NotABadPlayerTests;
				PRODUCT_NAME = "$(TARGET_NAME)";
				SWIFT_VERSION = 4.2;
				TARGETED_DEVICE_FAMILY = "1,2";
				TEST_HOST = "$(BUILT_PRODUCTS_DIR)/NotABadPlayer.app/NotABadPlayer";
			};
			name = Debug;
		};
		992EC1E0225B6A5E007DDD9D /* Release */ = {
			isa = XCBuildConfiguration;
			buildSettings = {
				ALWAYS_EMBED_SWIFT_STANDARD_LIBRARIES = YES;
				BUNDLE_LOADER = "$(TEST_HOST)";
				CODE_SIGN_STYLE = Automatic;
				INFOPLIST_FILE = NotABadPlayerTests/Info.plist;
				LD_RUNPATH_SEARCH_PATHS = (
					"$(inherited)",
					"@executable_path/Frameworks",
					"@loader_path/Frameworks",
				);
				PRODUCT_BUNDLE_IDENTIFIER = media.NotABadPlayerTests;
				PRODUCT_NAME = "$(TARGET_NAME)";
				SWIFT_VERSION = 4.2;
				TARGETED_DEVICE_FAMILY = "1,2";
				TEST_HOST = "$(BUILT_PRODUCTS_DIR)/NotABadPlayer.app/NotABadPlayer";
			};
			name = Release;
		};
		992EC1E2225B6A5E007DDD9D /* Debug */ = {
			isa = XCBuildConfiguration;
			buildSettings = {
				ALWAYS_EMBED_SWIFT_STANDARD_LIBRARIES = YES;
				CODE_SIGN_STYLE = Automatic;
				INFOPLIST_FILE = NotABadPlayerUITests/Info.plist;
				LD_RUNPATH_SEARCH_PATHS = (
					"$(inherited)",
					"@executable_path/Frameworks",
					"@loader_path/Frameworks",
				);
				PRODUCT_BUNDLE_IDENTIFIER = media.NotABadPlayerUITests;
				PRODUCT_NAME = "$(TARGET_NAME)";
				SWIFT_VERSION = 4.2;
				TARGETED_DEVICE_FAMILY = "1,2";
				TEST_TARGET_NAME = NotABadPlayer;
			};
			name = Debug;
		};
		992EC1E3225B6A5E007DDD9D /* Release */ = {
			isa = XCBuildConfiguration;
			buildSettings = {
				ALWAYS_EMBED_SWIFT_STANDARD_LIBRARIES = YES;
				CODE_SIGN_STYLE = Automatic;
				INFOPLIST_FILE = NotABadPlayerUITests/Info.plist;
				LD_RUNPATH_SEARCH_PATHS = (
					"$(inherited)",
					"@executable_path/Frameworks",
					"@loader_path/Frameworks",
				);
				PRODUCT_BUNDLE_IDENTIFIER = media.NotABadPlayerUITests;
				PRODUCT_NAME = "$(TARGET_NAME)";
				SWIFT_VERSION = 4.2;
				TARGETED_DEVICE_FAMILY = "1,2";
				TEST_TARGET_NAME = NotABadPlayer;
			};
			name = Release;
		};
/* End XCBuildConfiguration section */

/* Begin XCConfigurationList section */
		992EC1AC225B6A5C007DDD9D /* Build configuration list for PBXProject "NotABadPlayer" */ = {
			isa = XCConfigurationList;
			buildConfigurations = (
				992EC1D9225B6A5E007DDD9D /* Debug */,
				992EC1DA225B6A5E007DDD9D /* Release */,
			);
			defaultConfigurationIsVisible = 0;
			defaultConfigurationName = Release;
		};
		992EC1DB225B6A5E007DDD9D /* Build configuration list for PBXNativeTarget "NotABadPlayer" */ = {
			isa = XCConfigurationList;
			buildConfigurations = (
				992EC1DC225B6A5E007DDD9D /* Debug */,
				992EC1DD225B6A5E007DDD9D /* Release */,
			);
			defaultConfigurationIsVisible = 0;
			defaultConfigurationName = Release;
		};
		992EC1DE225B6A5E007DDD9D /* Build configuration list for PBXNativeTarget "NotABadPlayerTests" */ = {
			isa = XCConfigurationList;
			buildConfigurations = (
				992EC1DF225B6A5E007DDD9D /* Debug */,
				992EC1E0225B6A5E007DDD9D /* Release */,
			);
			defaultConfigurationIsVisible = 0;
			defaultConfigurationName = Release;
		};
		992EC1E1225B6A5E007DDD9D /* Build configuration list for PBXNativeTarget "NotABadPlayerUITests" */ = {
			isa = XCConfigurationList;
			buildConfigurations = (
				992EC1E2225B6A5E007DDD9D /* Debug */,
				992EC1E3225B6A5E007DDD9D /* Release */,
			);
			defaultConfigurationIsVisible = 0;
			defaultConfigurationName = Release;
		};
/* End XCConfigurationList section */
	};
	rootObject = 992EC1A9225B6A5C007DDD9D /* Project object */;
}
